
Microsoft Visual Studio Solution File, Format Version 12.00
# Visual Studio Version 17
VisualStudioVersion = 17.6.33815.320
MinimumVisualStudioVersion = 10.0.40219.1
Project("{FAE04EC0-301F-11D3-BF4B-00C04F79EFBC}") = "47_string_funcs", "47_string_funcs.csproj", "{36FD2ACB-B92F-4556-A07F-81AA6F09294E}"
EndProject
Global
	GlobalSection(SolutionConfigurationPlatforms) = preSolution
		Debug|Any CPU = Debug|Any CPU
		Release|Any CPU = Release|Any CPU
	EndGlobalSection
	GlobalSection(ProjectConfigurationPlatforms) = postSolution
		{36FD2ACB-B92F-4556-A07F-81AA6F09294E}.Debug|Any CPU.ActiveCfg = Debug|Any CPU
		{36FD2ACB-B92F-4556-A07F-81AA6F09294E}.Debug|Any CPU.Build.0 = Debug|Any CPU
		{36FD2ACB-B92F-4556-A07F-81AA6F09294E}.Release|Any CPU.ActiveCfg = Release|Any CPU
		{36FD2ACB-B92F-4556-A07F-81AA6F09294E}.Release|Any CPU.Build.0 = Release|Any CPU
	EndGlobalSection
	GlobalSection(SolutionProperties) = preSolution
		HideSolutionNode = FALSE
	EndGlobalSection
	GlobalSection(ExtensibilityGlobals) = postSolution
		SolutionGuid = {7CDBAA8C-E4CA-46E1-82A5-9C7CA2430127}
	EndGlobalSection
EndGlobal
