
Microsoft Visual Studio Solution File, Format Version 12.00
# Visual Studio Version 17
VisualStudioVersion = 17.6.33815.320
MinimumVisualStudioVersion = 10.0.40219.1
Project("{FAE04EC0-301F-11D3-BF4B-00C04F79EFBC}") = "_40_foreach", "_40_foreach.csproj", "{FAD2DED3-1D04-4213-9D99-9012E9DAD62B}"
EndProject
Global
	GlobalSection(SolutionConfigurationPlatforms) = preSolution
		Debug|Any CPU = Debug|Any CPU
		Release|Any CPU = Release|Any CPU
	EndGlobalSection
	GlobalSection(ProjectConfigurationPlatforms) = postSolution
		{FAD2DED3-1D04-4213-9D99-9012E9DAD62B}.Debug|Any CPU.ActiveCfg = Debug|Any CPU
		{FAD2DED3-1D04-4213-9D99-9012E9DAD62B}.Debug|Any CPU.Build.0 = Debug|Any CPU
		{FAD2DED3-1D04-4213-9D99-9012E9DAD62B}.Release|Any CPU.ActiveCfg = Release|Any CPU
		{FAD2DED3-1D04-4213-9D99-9012E9DAD62B}.Release|Any CPU.Build.0 = Release|Any CPU
	EndGlobalSection
	GlobalSection(SolutionProperties) = preSolution
		HideSolutionNode = FALSE
	EndGlobalSection
	GlobalSection(ExtensibilityGlobals) = postSolution
		SolutionGuid = {70C40B47-C881-45F0-94B2-31AA49C08B4A}
	EndGlobalSection
EndGlobal
