
Microsoft Visual Studio Solution File, Format Version 12.00
# Visual Studio Version 17
VisualStudioVersion = 17.6.33815.320
MinimumVisualStudioVersion = 10.0.40219.1
Project("{FAE04EC0-301F-11D3-BF4B-00C04F79EFBC}") = "81ExercicioResolvido", "81ExercicioResolvido.csproj", "{9FE28F58-1E7D-4111-9BDE-2DA5B4C44835}"
EndProject
Global
	GlobalSection(SolutionConfigurationPlatforms) = preSolution
		Debug|Any CPU = Debug|Any CPU
		Release|Any CPU = Release|Any CPU
	EndGlobalSection
	GlobalSection(ProjectConfigurationPlatforms) = postSolution
		{9FE28F58-1E7D-4111-9BDE-2DA5B4C44835}.Debug|Any CPU.ActiveCfg = Debug|Any CPU
		{9FE28F58-1E7D-4111-9BDE-2DA5B4C44835}.Debug|Any CPU.Build.0 = Debug|Any CPU
		{9FE28F58-1E7D-4111-9BDE-2DA5B4C44835}.Release|Any CPU.ActiveCfg = Release|Any CPU
		{9FE28F58-1E7D-4111-9BDE-2DA5B4C44835}.Release|Any CPU.Build.0 = Release|Any CPU
	EndGlobalSection
	GlobalSection(SolutionProperties) = preSolution
		HideSolutionNode = FALSE
	EndGlobalSection
	GlobalSection(ExtensibilityGlobals) = postSolution
		SolutionGuid = {D2A3A896-1A09-4CE3-B787-33B28B3466D7}
	EndGlobalSection
EndGlobal
