
Microsoft Visual Studio Solution File, Format Version 12.00
# Visual Studio Version 17
VisualStudioVersion = 17.6.33815.320
MinimumVisualStudioVersion = 10.0.40219.1
Project("{FAE04EC0-301F-11D3-BF4B-00C04F79EFBC}") = "77Generics1", "77Generics1.csproj", "{EB8F548F-D080-40B9-9AE5-BCABD5613DAB}"
EndProject
Global
	GlobalSection(SolutionConfigurationPlatforms) = preSolution
		Debug|Any CPU = Debug|Any CPU
		Release|Any CPU = Release|Any CPU
	EndGlobalSection
	GlobalSection(ProjectConfigurationPlatforms) = postSolution
		{EB8F548F-D080-40B9-9AE5-BCABD5613DAB}.Debug|Any CPU.ActiveCfg = Debug|Any CPU
		{EB8F548F-D080-40B9-9AE5-BCABD5613DAB}.Debug|Any CPU.Build.0 = Debug|Any CPU
		{EB8F548F-D080-40B9-9AE5-BCABD5613DAB}.Release|Any CPU.ActiveCfg = Release|Any CPU
		{EB8F548F-D080-40B9-9AE5-BCABD5613DAB}.Release|Any CPU.Build.0 = Release|Any CPU
	EndGlobalSection
	GlobalSection(SolutionProperties) = preSolution
		HideSolutionNode = FALSE
	EndGlobalSection
	GlobalSection(ExtensibilityGlobals) = postSolution
		SolutionGuid = {9613E727-4D10-4CA7-AD16-536FA54DC9D0}
	EndGlobalSection
EndGlobal
