
Microsoft Visual Studio Solution File, Format Version 12.00
# Visual Studio Version 17
VisualStudioVersion = 17.6.33815.320
MinimumVisualStudioVersion = 10.0.40219.1
Project("{FAE04EC0-301F-11D3-BF4B-00C04F79EFBC}") = "tipos-de-dados", "tipos-de-dados\tipos-de-dados.csproj", "{66C32FC0-3446-4E46-B5FE-04891A99B264}"
EndProject
Global
	GlobalSection(SolutionConfigurationPlatforms) = preSolution
		Debug|Any CPU = Debug|Any CPU
		Release|Any CPU = Release|Any CPU
	EndGlobalSection
	GlobalSection(ProjectConfigurationPlatforms) = postSolution
		{66C32FC0-3446-4E46-B5FE-04891A99B264}.Debug|Any CPU.ActiveCfg = Debug|Any CPU
		{66C32FC0-3446-4E46-B5FE-04891A99B264}.Debug|Any CPU.Build.0 = Debug|Any CPU
		{66C32FC0-3446-4E46-B5FE-04891A99B264}.Release|Any CPU.ActiveCfg = Release|Any CPU
		{66C32FC0-3446-4E46-B5FE-04891A99B264}.Release|Any CPU.Build.0 = Release|Any CPU
	EndGlobalSection
	GlobalSection(SolutionProperties) = preSolution
		HideSolutionNode = FALSE
	EndGlobalSection
	GlobalSection(ExtensibilityGlobals) = postSolution
		SolutionGuid = {54171BA6-5554-4D0A-9212-E3AB62901962}
	EndGlobalSection
EndGlobal
