
Microsoft Visual Studio Solution File, Format Version 12.00
# Visual Studio Version 17
VisualStudioVersion = 17.6.33815.320
MinimumVisualStudioVersion = 10.0.40219.1
Project("{FAE04EC0-301F-11D3-BF4B-00C04F79EFBC}") = "63ExercicioFixacao", "63ExercicioFixacao\63ExercicioFixacao.csproj", "{9779E89A-6D32-40A6-80DD-55E11C72D8E4}"
EndProject
Global
	GlobalSection(SolutionConfigurationPlatforms) = preSolution
		Debug|Any CPU = Debug|Any CPU
		Release|Any CPU = Release|Any CPU
	EndGlobalSection
	GlobalSection(ProjectConfigurationPlatforms) = postSolution
		{9779E89A-6D32-40A6-80DD-55E11C72D8E4}.Debug|Any CPU.ActiveCfg = Debug|Any CPU
		{9779E89A-6D32-40A6-80DD-55E11C72D8E4}.Debug|Any CPU.Build.0 = Debug|Any CPU
		{9779E89A-6D32-40A6-80DD-55E11C72D8E4}.Release|Any CPU.ActiveCfg = Release|Any CPU
		{9779E89A-6D32-40A6-80DD-55E11C72D8E4}.Release|Any CPU.Build.0 = Release|Any CPU
	EndGlobalSection
	GlobalSection(SolutionProperties) = preSolution
		HideSolutionNode = FALSE
	EndGlobalSection
	GlobalSection(ExtensibilityGlobals) = postSolution
		SolutionGuid = {4F276DC6-6A68-45AC-98F9-DC8B9BBD1B66}
	EndGlobalSection
EndGlobal
