
Microsoft Visual Studio Solution File, Format Version 12.00
# Visual Studio Version 17
VisualStudioVersion = 17.6.33815.320
MinimumVisualStudioVersion = 10.0.40219.1
Project("{FAE04EC0-301F-11D3-BF4B-00C04F79EFBC}") = "atribuicoes", "atribuicoes\atribuicoes.csproj", "{96CD0CEC-FA8F-4D15-9920-3D11872534A6}"
EndProject
Global
	GlobalSection(SolutionConfigurationPlatforms) = preSolution
		Debug|Any CPU = Debug|Any CPU
		Release|Any CPU = Release|Any CPU
	EndGlobalSection
	GlobalSection(ProjectConfigurationPlatforms) = postSolution
		{96CD0CEC-FA8F-4D15-9920-3D11872534A6}.Debug|Any CPU.ActiveCfg = Debug|Any CPU
		{96CD0CEC-FA8F-4D15-9920-3D11872534A6}.Debug|Any CPU.Build.0 = Debug|Any CPU
		{96CD0CEC-FA8F-4D15-9920-3D11872534A6}.Release|Any CPU.ActiveCfg = Release|Any CPU
		{96CD0CEC-FA8F-4D15-9920-3D11872534A6}.Release|Any CPU.Build.0 = Release|Any CPU
	EndGlobalSection
	GlobalSection(SolutionProperties) = preSolution
		HideSolutionNode = FALSE
	EndGlobalSection
	GlobalSection(ExtensibilityGlobals) = postSolution
		SolutionGuid = {B9D30465-1E76-4766-B64D-8842D6CA0297}
	EndGlobalSection
EndGlobal
