
Microsoft Visual Studio Solution File, Format Version 12.00
# Visual Studio Version 17
VisualStudioVersion = 17.6.33815.320
MinimumVisualStudioVersion = 10.0.40219.1
Project("{FAE04EC0-301F-11D3-BF4B-00C04F79EFBC}") = "69UsingBlock", "69UsingBlock\69UsingBlock.csproj", "{936D35B3-45B5-4FCA-B7F2-D0ECC7456C8E}"
EndProject
Global
	GlobalSection(SolutionConfigurationPlatforms) = preSolution
		Debug|Any CPU = Debug|Any CPU
		Release|Any CPU = Release|Any CPU
	EndGlobalSection
	GlobalSection(ProjectConfigurationPlatforms) = postSolution
		{936D35B3-45B5-4FCA-B7F2-D0ECC7456C8E}.Debug|Any CPU.ActiveCfg = Debug|Any CPU
		{936D35B3-45B5-4FCA-B7F2-D0ECC7456C8E}.Debug|Any CPU.Build.0 = Debug|Any CPU
		{936D35B3-45B5-4FCA-B7F2-D0ECC7456C8E}.Release|Any CPU.ActiveCfg = Release|Any CPU
		{936D35B3-45B5-4FCA-B7F2-D0ECC7456C8E}.Release|Any CPU.Build.0 = Release|Any CPU
	EndGlobalSection
	GlobalSection(SolutionProperties) = preSolution
		HideSolutionNode = FALSE
	EndGlobalSection
	GlobalSection(ExtensibilityGlobals) = postSolution
		SolutionGuid = {F31A5461-A13D-45C0-95ED-DE0B4F5F7EDF}
	EndGlobalSection
EndGlobal
