
Microsoft Visual Studio Solution File, Format Version 12.00
# Visual Studio Version 17
VisualStudioVersion = 17.6.33815.320
MinimumVisualStudioVersion = 10.0.40219.1
Project("{FAE04EC0-301F-11D3-BF4B-00C04F79EFBC}") = "35_nullable", "35_nullable.csproj", "{2105ABEA-01B7-45DB-BF9C-021D89586809}"
EndProject
Global
	GlobalSection(SolutionConfigurationPlatforms) = preSolution
		Debug|Any CPU = Debug|Any CPU
		Release|Any CPU = Release|Any CPU
	EndGlobalSection
	GlobalSection(ProjectConfigurationPlatforms) = postSolution
		{2105ABEA-01B7-45DB-BF9C-021D89586809}.Debug|Any CPU.ActiveCfg = Debug|Any CPU
		{2105ABEA-01B7-45DB-BF9C-021D89586809}.Debug|Any CPU.Build.0 = Debug|Any CPU
		{2105ABEA-01B7-45DB-BF9C-021D89586809}.Release|Any CPU.ActiveCfg = Release|Any CPU
		{2105ABEA-01B7-45DB-BF9C-021D89586809}.Release|Any CPU.Build.0 = Release|Any CPU
	EndGlobalSection
	GlobalSection(SolutionProperties) = preSolution
		HideSolutionNode = FALSE
	EndGlobalSection
	GlobalSection(ExtensibilityGlobals) = postSolution
		SolutionGuid = {3A901649-D00F-4310-B175-DAB716DF90E9}
	EndGlobalSection
EndGlobal
