
Microsoft Visual Studio Solution File, Format Version 12.00
# Visual Studio Version 17
VisualStudioVersion = 17.6.33815.320
MinimumVisualStudioVersion = 10.0.40219.1
Project("{FAE04EC0-301F-11D3-BF4B-00C04F79EFBC}") = "31_auto_properties", "31_auto_properties.csproj", "{B9274608-BCEA-4A99-BA68-4D155E302B66}"
EndProject
Global
	GlobalSection(SolutionConfigurationPlatforms) = preSolution
		Debug|Any CPU = Debug|Any CPU
		Release|Any CPU = Release|Any CPU
	EndGlobalSection
	GlobalSection(ProjectConfigurationPlatforms) = postSolution
		{B9274608-BCEA-4A99-BA68-4D155E302B66}.Debug|Any CPU.ActiveCfg = Debug|Any CPU
		{B9274608-BCEA-4A99-BA68-4D155E302B66}.Debug|Any CPU.Build.0 = Debug|Any CPU
		{B9274608-BCEA-4A99-BA68-4D155E302B66}.Release|Any CPU.ActiveCfg = Release|Any CPU
		{B9274608-BCEA-4A99-BA68-4D155E302B66}.Release|Any CPU.Build.0 = Release|Any CPU
	EndGlobalSection
	GlobalSection(SolutionProperties) = preSolution
		HideSolutionNode = FALSE
	EndGlobalSection
	GlobalSection(ExtensibilityGlobals) = postSolution
		SolutionGuid = {FE98242E-5912-45C7-8037-98F51C7A8EFC}
	EndGlobalSection
EndGlobal
