
Microsoft Visual Studio Solution File, Format Version 12.00
# Visual Studio Version 17
VisualStudioVersion = 17.6.33815.320
MinimumVisualStudioVersion = 10.0.40219.1
Project("{FAE04EC0-301F-11D3-BF4B-00C04F79EFBC}") = "58_metodos selados", "58_metodos selados\58_metodos selados.csproj", "{4EBA4A34-777E-499C-8F1C-CA91AD6ACAE9}"
EndProject
Global
	GlobalSection(SolutionConfigurationPlatforms) = preSolution
		Debug|Any CPU = Debug|Any CPU
		Release|Any CPU = Release|Any CPU
	EndGlobalSection
	GlobalSection(ProjectConfigurationPlatforms) = postSolution
		{4EBA4A34-777E-499C-8F1C-CA91AD6ACAE9}.Debug|Any CPU.ActiveCfg = Debug|Any CPU
		{4EBA4A34-777E-499C-8F1C-CA91AD6ACAE9}.Debug|Any CPU.Build.0 = Debug|Any CPU
		{4EBA4A34-777E-499C-8F1C-CA91AD6ACAE9}.Release|Any CPU.ActiveCfg = Release|Any CPU
		{4EBA4A34-777E-499C-8F1C-CA91AD6ACAE9}.Release|Any CPU.Build.0 = Release|Any CPU
	EndGlobalSection
	GlobalSection(SolutionProperties) = preSolution
		HideSolutionNode = FALSE
	EndGlobalSection
	GlobalSection(ExtensibilityGlobals) = postSolution
		SolutionGuid = {5F741D15-CED4-44E6-81CE-94AAC00593B9}
	EndGlobalSection
EndGlobal
