
Microsoft Visual Studio Solution File, Format Version 12.00
# Visual Studio Version 17
VisualStudioVersion = 17.6.33815.320
MinimumVisualStudioVersion = 10.0.40219.1
Project("{FAE04EC0-301F-11D3-BF4B-00C04F79EFBC}") = "PrimeiroProjeto", "PrimeiroProjeto\PrimeiroProjeto.csproj", "{8102B1BD-B98A-4AE3-B7EE-8DDEF7B13AA3}"
EndProject
Global
	GlobalSection(SolutionConfigurationPlatforms) = preSolution
		Debug|Any CPU = Debug|Any CPU
		Release|Any CPU = Release|Any CPU
	EndGlobalSection
	GlobalSection(ProjectConfigurationPlatforms) = postSolution
		{8102B1BD-B98A-4AE3-B7EE-8DDEF7B13AA3}.Debug|Any CPU.ActiveCfg = Debug|Any CPU
		{8102B1BD-B98A-4AE3-B7EE-8DDEF7B13AA3}.Debug|Any CPU.Build.0 = Debug|Any CPU
		{8102B1BD-B98A-4AE3-B7EE-8DDEF7B13AA3}.Release|Any CPU.ActiveCfg = Release|Any CPU
		{8102B1BD-B98A-4AE3-B7EE-8DDEF7B13AA3}.Release|Any CPU.Build.0 = Release|Any CPU
	EndGlobalSection
	GlobalSection(SolutionProperties) = preSolution
		HideSolutionNode = FALSE
	EndGlobalSection
	GlobalSection(ExtensibilityGlobals) = postSolution
		SolutionGuid = {60AE4317-25F1-45F4-B113-18F4E28E0AF7}
	EndGlobalSection
EndGlobal
