
Microsoft Visual Studio Solution File, Format Version 12.00
# Visual Studio Version 17
VisualStudioVersion = 17.6.33815.320
MinimumVisualStudioVersion = 10.0.40219.1
Project("{FAE04EC0-301F-11D3-BF4B-00C04F79EFBC}") = "21-metodos", "21-metodos\21-metodos.csproj", "{363AC165-E7BB-4E90-847C-57A88D69C881}"
EndProject
Global
	GlobalSection(SolutionConfigurationPlatforms) = preSolution
		Debug|Any CPU = Debug|Any CPU
		Release|Any CPU = Release|Any CPU
	EndGlobalSection
	GlobalSection(ProjectConfigurationPlatforms) = postSolution
		{363AC165-E7BB-4E90-847C-57A88D69C881}.Debug|Any CPU.ActiveCfg = Debug|Any CPU
		{363AC165-E7BB-4E90-847C-57A88D69C881}.Debug|Any CPU.Build.0 = Debug|Any CPU
		{363AC165-E7BB-4E90-847C-57A88D69C881}.Release|Any CPU.ActiveCfg = Release|Any CPU
		{363AC165-E7BB-4E90-847C-57A88D69C881}.Release|Any CPU.Build.0 = Release|Any CPU
	EndGlobalSection
	GlobalSection(SolutionProperties) = preSolution
		HideSolutionNode = FALSE
	EndGlobalSection
	GlobalSection(ExtensibilityGlobals) = postSolution
		SolutionGuid = {20409518-F5AA-4125-AECE-CB2B31C4D689}
	EndGlobalSection
EndGlobal
