
Microsoft Visual Studio Solution File, Format Version 12.00
# Visual Studio Version 17
VisualStudioVersion = 17.6.33815.320
MinimumVisualStudioVersion = 10.0.40219.1
Project("{FAE04EC0-301F-11D3-BF4B-00C04F79EFBC}") = "80Conjuntos", "80Conjuntos.csproj", "{16853323-04F2-445E-8F57-4349097B295D}"
EndProject
Global
	GlobalSection(SolutionConfigurationPlatforms) = preSolution
		Debug|Any CPU = Debug|Any CPU
		Release|Any CPU = Release|Any CPU
	EndGlobalSection
	GlobalSection(ProjectConfigurationPlatforms) = postSolution
		{16853323-04F2-445E-8F57-4349097B295D}.Debug|Any CPU.ActiveCfg = Debug|Any CPU
		{16853323-04F2-445E-8F57-4349097B295D}.Debug|Any CPU.Build.0 = Debug|Any CPU
		{16853323-04F2-445E-8F57-4349097B295D}.Release|Any CPU.ActiveCfg = Release|Any CPU
		{16853323-04F2-445E-8F57-4349097B295D}.Release|Any CPU.Build.0 = Release|Any CPU
	EndGlobalSection
	GlobalSection(SolutionProperties) = preSolution
		HideSolutionNode = FALSE
	EndGlobalSection
	GlobalSection(ExtensibilityGlobals) = postSolution
		SolutionGuid = {270A427B-CCCA-442E-83A7-A5417829C921}
	EndGlobalSection
EndGlobal
