
Microsoft Visual Studio Solution File, Format Version 12.00
# Visual Studio Version 17
VisualStudioVersion = 17.6.33815.320
MinimumVisualStudioVersion = 10.0.40219.1
Project("{FAE04EC0-301F-11D3-BF4B-00C04F79EFBC}") = "39_ref_out", "39_ref_out.csproj", "{F8E3F7F4-E1E5-40B5-BD8C-E847F20B939D}"
EndProject
Global
	GlobalSection(SolutionConfigurationPlatforms) = preSolution
		Debug|Any CPU = Debug|Any CPU
		Release|Any CPU = Release|Any CPU
	EndGlobalSection
	GlobalSection(ProjectConfigurationPlatforms) = postSolution
		{F8E3F7F4-E1E5-40B5-BD8C-E847F20B939D}.Debug|Any CPU.ActiveCfg = Debug|Any CPU
		{F8E3F7F4-E1E5-40B5-BD8C-E847F20B939D}.Debug|Any CPU.Build.0 = Debug|Any CPU
		{F8E3F7F4-E1E5-40B5-BD8C-E847F20B939D}.Release|Any CPU.ActiveCfg = Release|Any CPU
		{F8E3F7F4-E1E5-40B5-BD8C-E847F20B939D}.Release|Any CPU.Build.0 = Release|Any CPU
	EndGlobalSection
	GlobalSection(SolutionProperties) = preSolution
		HideSolutionNode = FALSE
	EndGlobalSection
	GlobalSection(ExtensibilityGlobals) = postSolution
		SolutionGuid = {63074AB4-AA35-446E-B557-9BA722402A45}
	EndGlobalSection
EndGlobal
